
Microsoft Visual Studio Solution File, Format Version 12.00
# Visual Studio Version 17
VisualStudioVersion = 17.10.35027.167
MinimumVisualStudioVersion = 10.0.40219.1
Project("{FAE04EC0-301F-11D3-BF4B-00C04F79EFBC}") = "LH_PET", "LH_PET.csproj", "{FD39C109-4AE3-4D08-977F-1EB5E8AFB38B}"
EndProject
Global
	GlobalSection(SolutionConfigurationPlatforms) = preSolution
		Debug|Any CPU = Debug|Any CPU
		Release|Any CPU = Release|Any CPU
	EndGlobalSection
	GlobalSection(ProjectConfigurationPlatforms) = postSolution
		{FD39C109-4AE3-4D08-977F-1EB5E8AFB38B}.Debug|Any CPU.ActiveCfg = Debug|Any CPU
		{FD39C109-4AE3-4D08-977F-1EB5E8AFB38B}.Debug|Any CPU.Build.0 = Debug|Any CPU
		{FD39C109-4AE3-4D08-977F-1EB5E8AFB38B}.Release|Any CPU.ActiveCfg = Release|Any CPU
		{FD39C109-4AE3-4D08-977F-1EB5E8AFB38B}.Release|Any CPU.Build.0 = Release|Any CPU
	EndGlobalSection
	GlobalSection(SolutionProperties) = preSolution
		HideSolutionNode = FALSE
	EndGlobalSection
	GlobalSection(ExtensibilityGlobals) = postSolution
		SolutionGuid = {98867FB1-1F00-4567-8488-4D210CACD774}
	EndGlobalSection
EndGlobal
